
Microsoft Visual Studio Solution File, Format Version 12.00
# Visual Studio Version 17
VisualStudioVersion = 17.8.34525.116
MinimumVisualStudioVersion = 10.0.40219.1
Project("{FAE04EC0-301F-11D3-BF4B-00C04F79EFBC}") = "ReverseFriendlyFire", "ReverseFriendlyFire.csproj", "{DE367794-5178-466B-B33F-B6CDBC10BB67}"
EndProject
Global
	GlobalSection(SolutionConfigurationPlatforms) = preSolution
		Debug|Any CPU = Debug|Any CPU
		Release|Any CPU = Release|Any CPU
	EndGlobalSection
	GlobalSection(ProjectConfigurationPlatforms) = postSolution
		{DE367794-5178-466B-B33F-B6CDBC10BB67}.Debug|Any CPU.ActiveCfg = Debug|Any CPU
		{DE367794-5178-466B-B33F-B6CDBC10BB67}.Debug|Any CPU.Build.0 = Debug|Any CPU
		{DE367794-5178-466B-B33F-B6CDBC10BB67}.Release|Any CPU.ActiveCfg = Release|Any CPU
		{DE367794-5178-466B-B33F-B6CDBC10BB67}.Release|Any CPU.Build.0 = Release|Any CPU
	EndGlobalSection
	GlobalSection(SolutionProperties) = preSolution
		HideSolutionNode = FALSE
	EndGlobalSection
	GlobalSection(ExtensibilityGlobals) = postSolution
		SolutionGuid = {17C54BC1-7689-40F7-A82D-3EE613823AF0}
	EndGlobalSection
EndGlobal
